PODS:
  - Nuke (9.2.4)
  - SwiftLint (0.42.0)

DEPENDENCIES:
  - Nuke
  - SwiftLint

SPEC REPOS:
  trunk:
    - Nuke
    - SwiftLint

SPEC CHECKSUMS:
  Nuke: 44439f7a92e665a4f927ecd73cb51f91d93b0e0c
  SwiftLint: 4fa9579c63416865179bc416f0a92d55f009600d

PODFILE CHECKSUM: ea2ec4741aa7f29668b7abe28e0ab2af22b05299

COCOAPODS: 1.10.1
